
Microsoft Visual Studio Solution File, Format Version 12.00
# Visual Studio Version 17
VisualStudioVersion = 17.7.34031.279
MinimumVisualStudioVersion = 10.0.40219.1
Project("{FAE04EC0-301F-11D3-BF4B-00C04F79EFBC}") = "ConsoleApp3", "ConsoleApp3\ConsoleApp3.csproj", "{CDC8ED83-7E70-4EC5-A826-F9221CC1665D}"
EndProject
Global
	GlobalSection(SolutionConfigurationPlatforms) = preSolution
		Debug|Any CPU = Debug|Any CPU
		Release|Any CPU = Release|Any CPU
	EndGlobalSection
	GlobalSection(ProjectConfigurationPlatforms) = postSolution
		{CDC8ED83-7E70-4EC5-A826-F9221CC1665D}.Debug|Any CPU.ActiveCfg = Debug|Any CPU
		{CDC8ED83-7E70-4EC5-A826-F9221CC1665D}.Debug|Any CPU.Build.0 = Debug|Any CPU
		{CDC8ED83-7E70-4EC5-A826-F9221CC1665D}.Release|Any CPU.ActiveCfg = Release|Any CPU
		{CDC8ED83-7E70-4EC5-A826-F9221CC1665D}.Release|Any CPU.Build.0 = Release|Any CPU
	EndGlobalSection
	GlobalSection(SolutionProperties) = preSolution
		HideSolutionNode = FALSE
	EndGlobalSection
	GlobalSection(ExtensibilityGlobals) = postSolution
		SolutionGuid = {B984B3B6-9C15-43DB-A178-594F389ED6B5}
	EndGlobalSection
EndGlobal
